<Solution>
  <Folder Name="/src/">
    <Project Path="EvoManage.API/EvoManage.API.csproj" />
    <Project Path="EvoManage.Application/EvoManage.Application.csproj" />
    <Project Path="EvoManage.Domain/EvoManage.Domain.csproj" />
    <Project Path="EvoManage.Infrastructure/EvoManage.Infrastructure.csproj" />
    <Project Path="EvoManage.LegacyErpSimulator/EvoManage.LegacyErpSimulator.csproj" Id="a3053f4b-7aac-48a0-b2e2-21f18af663c1" />
  </Folder>
  <Folder Name="/test/">
    <Project Path="EvoManage.IntegrationTests/EvoManage.IntegrationTests.csproj" />
    <Project Path="EvoManage.UnitTests/EvoManage.UnitTests.csproj" />
  </Folder>
</Solution>
